
Microsoft Visual Studio Solution File, Format Version 12.00
# Visual Studio Version 17
VisualStudioVersion = 17.8.34309.116
MinimumVisualStudioVersion = 10.0.40219.1
Project("{FAE04EC0-301F-11D3-BF4B-00C04F79EFBC}") = "Module14HW", "Module14HW\Module14HW.csproj", "{5CB4076C-1403-4D3B-98D0-FBFDB5DC527F}"
EndProject
Global
	GlobalSection(SolutionConfigurationPlatforms) = preSolution
		Debug|Any CPU = Debug|Any CPU
		Release|Any CPU = Release|Any CPU
	EndGlobalSection
	GlobalSection(ProjectConfigurationPlatforms) = postSolution
		{5CB4076C-1403-4D3B-98D0-FBFDB5DC527F}.Debug|Any CPU.ActiveCfg = Debug|Any CPU
		{5CB4076C-1403-4D3B-98D0-FBFDB5DC527F}.Debug|Any CPU.Build.0 = Debug|Any CPU
		{5CB4076C-1403-4D3B-98D0-FBFDB5DC527F}.Release|Any CPU.ActiveCfg = Release|Any CPU
		{5CB4076C-1403-4D3B-98D0-FBFDB5DC527F}.Release|Any CPU.Build.0 = Release|Any CPU
	EndGlobalSection
	GlobalSection(SolutionProperties) = preSolution
		HideSolutionNode = FALSE
	EndGlobalSection
	GlobalSection(ExtensibilityGlobals) = postSolution
		SolutionGuid = {7B457EA6-B1F4-4C12-876F-C791EF622055}
	EndGlobalSection
EndGlobal
